
Microsoft Visual Studio Solution File, Format Version 12.00
# Visual Studio Version 17
VisualStudioVersion = 17.7.34024.191
MinimumVisualStudioVersion = 10.0.40219.1
Project("{FAE04EC0-301F-11D3-BF4B-00C04F79EFBC}") = "Contacts.Maui", "Contacts.Maui\Contacts.Maui.csproj", "{ED387E15-B367-471D-8287-AF3759CBD1ED}"
EndProject
Global
	GlobalSection(SolutionConfigurationPlatforms) = preSolution
		Debug|Any CPU = Debug|Any CPU
		Release|Any CPU = Release|Any CPU
	EndGlobalSection
	GlobalSection(ProjectConfigurationPlatforms) = postSolution
		{ED387E15-B367-471D-8287-AF3759CBD1ED}.Debug|Any CPU.ActiveCfg = Debug|Any CPU
		{ED387E15-B367-471D-8287-AF3759CBD1ED}.Debug|Any CPU.Build.0 = Debug|Any CPU
		{ED387E15-B367-471D-8287-AF3759CBD1ED}.Debug|Any CPU.Deploy.0 = Debug|Any CPU
		{ED387E15-B367-471D-8287-AF3759CBD1ED}.Release|Any CPU.ActiveCfg = Release|Any CPU
		{ED387E15-B367-471D-8287-AF3759CBD1ED}.Release|Any CPU.Build.0 = Release|Any CPU
		{ED387E15-B367-471D-8287-AF3759CBD1ED}.Release|Any CPU.Deploy.0 = Release|Any CPU
	EndGlobalSection
	GlobalSection(SolutionProperties) = preSolution
		HideSolutionNode = FALSE
	EndGlobalSection
	GlobalSection(ExtensibilityGlobals) = postSolution
		SolutionGuid = {D04B7D6E-77C6-4F13-AE30-A7A86CCD1FED}
	EndGlobalSection
EndGlobal
